{
    "_readme": [
        "This file locks the dependencies of your project to a known state",
        "Read more about it at https://getcomposer.org/doc/01-basic-usage.md#installing-dependencies",
        "This file is @generated automatically"
    ],
    "content-hash": "1c72e2e80f558292597588f0fd76102d",
    "packages": [
        {
            "name": "altayofficial/bedrock-protocol",
            "version": "dev-bedrock-1.26.50",
            "source": {
                "type": "git",
                "url": "https://github.com/altayofficial/BedrockProtocol.git",
                "reference": "10113fb0da5ae22bee9a88444e97cbd17eac3654"
            },
            "dist": {
                "type": "zip",
                "url": "https://api.github.com/repos/altayofficial/BedrockProtocol/zipball/10113fb0da5ae22bee9a88444e97cbd17eac3654",
                "reference": "10113fb0da5ae22bee9a88444e97cbd17eac3654",
                "shasum": ""
            },
            "require": {
                "altayofficial/nbt": "~1.3.0",
                "ext-encoding": "~1.0.0",
                "ext-json": "*",
                "php": "^8.1",
                "pocketmine/binaryutils": "^0.2.0",
                "pocketmine/color": "^0.2.0 || ^0.3.0",
                "pocketmine/math": "^0.3.0 || ^0.4.0 || ^1.0.0",
                "ramsey/uuid": "^4.1"
            },
            "require-dev": {
                "friendsofphp/php-cs-fixer": "^3.92",
                "phpstan/phpstan": "2.1.0",
                "phpstan/phpstan-phpunit": "^2.0.0",
                "phpstan/phpstan-strict-rules": "^2.0.0",
                "phpunit/phpunit": "^9.5 || ^10.0 || ^11.0"
            },
            "type": "library",
            "autoload": {
                "psr-4": {
                    "pocketmine\\network\\mcpe\\protocol\\": "src/"
                }
            },
            "autoload-dev": {
                "psr-4": {
                    "pocketmine\\network\\mcpe\\protocol\\": "tests/phpunit/"
                }
            },
            "scripts": {
                "update-create-methods": [
                    "@php tools/generate-create-static-methods.php"
                ]
            },
            "license": [
                "LGPL-3.0"
            ],
            "description": "An implementation of the Minecraft: Bedrock Edition protocol in PHP",
            "support": {
                "source": "https://github.com/altayofficial/BedrockProtocol/tree/bedrock-1.26.50",
                "issues": "https://github.com/altayofficial/BedrockProtocol/issues"
            },
            "time": "2026-08-18T16:19:55+00:00"
        },
        {
            "name": "altayofficial/nbt",
            "version": "1.3.0",
            "source": {
                "type": "git",
                "url": "https://github.com/altayofficial/NBT.git",
                "reference": "2b1399b905db2937478435d596417c47e4120437"
            },
            "dist": {
                "type": "zip",
                "url": "https://api.github.com/repos/altayofficial/NBT/zipball/2b1399b905db2937478435d596417c47e4120437",
                "reference": "2b1399b905db2937478435d596417c47e4120437",
                "shasum": ""
            },
            "require": {
                "ext-encoding": "^1.0.0",
                "php": "^8.1",
                "php-64bit": "*"
            },
            "require-dev": {
                "phpstan/extension-installer": "^1.0",
                "phpstan/phpstan": "2.1.33",
                "phpstan/phpstan-phpunit": "^2.0",
                "phpstan/phpstan-strict-rules": "^2.0",
                "phpunit/phpunit": "^9.5"
            },
            "type": "library",
            "autoload": {
                "psr-4": {
                    "pocketmine\\nbt\\": "src/"
                }
            },
            "autoload-dev": {
                "psr-4": {
                    "pocketmine\\nbt\\": "tests/phpunit/"
                }
            },
            "license": [
                "LGPL-3.0"
            ],
            "description": "PHP library for working with Named Binary Tags",
            "support": {
                "source": "https://github.com/altayofficial/NBT/tree/1.3.0"
            },
            "time": "2026-07-22T13:04:40+00:00"
        },
        {
            "name": "altayofficial/network",
            "version": "dev-main",
            "source": {
                "type": "git",
                "url": "https://github.com/altayofficial/Network.git",
                "reference": "4fd46f272faf1d045c845f345f5fd9f9ec381e84"
            },
            "dist": {
                "type": "zip",
                "url": "https://api.github.com/repos/altayofficial/Network/zipball/4fd46f272faf1d045c845f345f5fd9f9ec381e84",
                "reference": "4fd46f272faf1d045c845f345f5fd9f9ec381e84",
                "shasum": ""
            },
            "require": {
                "ext-gmp": "*",
                "ext-openssl": "*",
                "ext-sockets": "*",
                "php": "^8.1",
                "pocketmine/binaryutils": "^0.2.6",
                "pocketmine/log": "^0.4.0",
                "react/event-loop": "^1.5"
            },
            "require-dev": {
                "altayofficial/webrtc": "^1.2.0",
                "phpstan/phpstan": "^2.0",
                "phpunit/phpunit": "^10.5",
                "react/http": "^1.11"
            },
            "suggest": {
                "altayofficial/webrtc": "Required for the NetherNet transport",
                "react/http": "Required for NetherNet endpoint signalling over HTTP"
            },
            "default-branch": true,
            "type": "library",
            "autoload": {
                "psr-4": {
                    "altay\\network\\": "src/"
                }
            },
            "autoload-dev": {
                "psr-4": {
                    "altay\\network\\tests\\": "tests/"
                }
            },
            "scripts": {
                "test": [
                    "phpunit"
                ],
                "analyse": [
                    "phpstan analyse"
                ]
            },
            "license": [
                "GPL-3.0-or-later"
            ],
            "description": "Central network library for Altay family written in PHP",
            "support": {
                "source": "https://github.com/altayofficial/Network/tree/main",
                "issues": "https://github.com/altayofficial/Network/issues"
            },
            "time": "2026-08-19T10:23:14+00:00"
        },
        {
            "name": "brick/math",
            "version": "0.13.1",
            "source": {
                "type": "git",
                "url": "https://github.com/brick/math.git",
                "reference": "fc7ed316430118cc7836bf45faff18d5dfc8de04"
            },
            "dist": {
                "type": "zip",
                "url": "https://api.github.com/repos/brick/math/zipball/fc7ed316430118cc7836bf45faff18d5dfc8de04",
                "reference": "fc7ed316430118cc7836bf45faff18d5dfc8de04",
                "shasum": ""
            },
            "require": {
                "php": "^8.1"
            },
            "require-dev": {
                "php-coveralls/php-coveralls": "^2.2",
                "phpunit/phpunit": "^10.1",
                "vimeo/psalm": "6.8.8"
            },
            "type": "library",
            "autoload": {
                "psr-4": {
                    "Brick\\Math\\": "src/"
                }
            },
            "notification-url": "https://packagist.org/downloads/",
            "license": [
                "MIT"
            ],
            "description": "Arbitrary-precision arithmetic library",
            "keywords": [
                "Arbitrary-precision",
                "BigInteger",
                "BigRational",
                "arithmetic",
                "bigdecimal",
                "bignum",
                "bignumber",
                "brick",
                "decimal",
                "integer",
                "math",
                "mathematics",
                "rational"
            ],
            "support": {
                "issues": "https://github.com/brick/math/issues",
                "source": "https://github.com/brick/math/tree/0.13.1"
            },
            "funding": [
                {
                    "url": "https://github.com/BenMorel",
                    "type": "github"
                }
            ],
            "time": "2025-03-29T13:50:30+00:00"
        },
        {
            "name": "pocketmine/binaryutils",
            "version": "0.2.7",
            "source": {
                "type": "git",
                "url": "https://github.com/pmmp/BinaryUtils.git",
                "reference": "14c044afa33cb581b4a6d1ea04a87e0bc99e824b"
            },
            "dist": {
                "type": "zip",
                "url": "https://api.github.com/repos/pmmp/BinaryUtils/zipball/14c044afa33cb581b4a6d1ea04a87e0bc99e824b",
                "reference": "14c044afa33cb581b4a6d1ea04a87e0bc99e824b",
                "shasum": ""
            },
            "require": {
                "php": "^7.4 || ^8.0",
                "php-64bit": "*"
            },
            "require-dev": {
                "phpstan/extension-installer": "^1.0",
                "phpstan/phpstan": "2.1.0",
                "phpstan/phpstan-phpunit": "^2.0",
                "phpstan/phpstan-strict-rules": "^2.0.0",
                "phpunit/phpunit": "^9.5 || ^10.0 || ^11.0"
            },
            "type": "library",
            "autoload": {
                "psr-4": {
                    "pocketmine\\utils\\": "src/"
                }
            },
            "notification-url": "https://packagist.org/downloads/",
            "license": [
                "LGPL-3.0"
            ],
            "description": "Classes and methods for conveniently handling binary data",
            "support": {
                "issues": "https://github.com/pmmp/BinaryUtils/issues",
                "source": "https://github.com/pmmp/BinaryUtils/tree/0.2.7"
            },
            "time": "2025-12-24T04:20:35+00:00"
        },
        {
            "name": "pocketmine/color",
            "version": "0.3.1",
            "source": {
                "type": "git",
                "url": "https://github.com/pmmp/Color.git",
                "reference": "a0421f1e9e0b0c619300fb92d593283378f6a5e1"
            },
            "dist": {
                "type": "zip",
                "url": "https://api.github.com/repos/pmmp/Color/zipball/a0421f1e9e0b0c619300fb92d593283378f6a5e1",
                "reference": "a0421f1e9e0b0c619300fb92d593283378f6a5e1",
                "shasum": ""
            },
            "require": {
                "php": "^8.0"
            },
            "require-dev": {
                "phpstan/phpstan": "1.10.3",
                "phpstan/phpstan-strict-rules": "^1.2.0"
            },
            "type": "library",
            "autoload": {
                "psr-4": {
                    "pocketmine\\color\\": "src/"
                }
            },
            "notification-url": "https://packagist.org/downloads/",
            "license": [
                "LGPL-3.0"
            ],
            "description": "Color handling library used by PocketMine-MP and related projects",
            "support": {
                "issues": "https://github.com/pmmp/Color/issues",
                "source": "https://github.com/pmmp/Color/tree/0.3.1"
            },
            "time": "2023-04-10T11:38:05+00:00"
        },
        {
            "name": "pocketmine/log",
            "version": "0.4.0",
            "source": {
                "type": "git",
                "url": "https://github.com/pmmp/Log.git",
                "reference": "e6c912c0f9055c81d23108ec2d179b96f404c043"
            },
            "dist": {
                "type": "zip",
                "url": "https://api.github.com/repos/pmmp/Log/zipball/e6c912c0f9055c81d23108ec2d179b96f404c043",
                "reference": "e6c912c0f9055c81d23108ec2d179b96f404c043",
                "shasum": ""
            },
            "require": {
                "php": "^7.4 || ^8.0"
            },
            "conflict": {
                "pocketmine/spl": "<0.4"
            },
            "require-dev": {
                "phpstan/phpstan": "0.12.88",
                "phpstan/phpstan-strict-rules": "^0.12.2"
            },
            "type": "library",
            "autoload": {
                "classmap": [
                    "./src"
                ]
            },
            "notification-url": "https://packagist.org/downloads/",
            "license": [
                "LGPL-3.0"
            ],
            "description": "Logging components used by PocketMine-MP and related projects",
            "support": {
                "issues": "https://github.com/pmmp/Log/issues",
                "source": "https://github.com/pmmp/Log/tree/0.4.0"
            },
            "time": "2021-06-18T19:08:09+00:00"
        },
        {
            "name": "pocketmine/math",
            "version": "1.0.0",
            "source": {
                "type": "git",
                "url": "https://github.com/pmmp/Math.git",
                "reference": "dc132d93595b32e9f210d78b3c8d43c662a5edbf"
            },
            "dist": {
                "type": "zip",
                "url": "https://api.github.com/repos/pmmp/Math/zipball/dc132d93595b32e9f210d78b3c8d43c662a5edbf",
                "reference": "dc132d93595b32e9f210d78b3c8d43c662a5edbf",
                "shasum": ""
            },
            "require": {
                "php": "^8.0",
                "php-64bit": "*"
            },
            "require-dev": {
                "phpstan/extension-installer": "^1.0",
                "phpstan/phpstan": "~1.10.3",
                "phpstan/phpstan-strict-rules": "^1.0",
                "phpunit/phpunit": "^8.5 || ^9.5"
            },
            "type": "library",
            "autoload": {
                "psr-4": {
                    "pocketmine\\math\\": "src/"
                }
            },
            "notification-url": "https://packagist.org/downloads/",
            "license": [
                "LGPL-3.0"
            ],
            "description": "PHP library containing math related code used in PocketMine-MP",
            "support": {
                "issues": "https://github.com/pmmp/Math/issues",
                "source": "https://github.com/pmmp/Math/tree/1.0.0"
            },
            "time": "2023-08-03T12:56:33+00:00"
        },
        {
            "name": "ramsey/collection",
            "version": "2.1.1",
            "source": {
                "type": "git",
                "url": "https://github.com/ramsey/collection.git",
                "reference": "344572933ad0181accbf4ba763e85a0306a8c5e2"
            },
            "dist": {
                "type": "zip",
                "url": "https://api.github.com/repos/ramsey/collection/zipball/344572933ad0181accbf4ba763e85a0306a8c5e2",
                "reference": "344572933ad0181accbf4ba763e85a0306a8c5e2",
                "shasum": ""
            },
            "require": {
                "php": "^8.1"
            },
            "require-dev": {
                "captainhook/plugin-composer": "^5.3",
                "ergebnis/composer-normalize": "^2.45",
                "fakerphp/faker": "^1.24",
                "hamcrest/hamcrest-php": "^2.0",
                "jangregor/phpstan-prophecy": "^2.1",
                "mockery/mockery": "^1.6",
                "php-parallel-lint/php-console-highlighter": "^1.0",
                "php-parallel-lint/php-parallel-lint": "^1.4",
                "phpspec/prophecy-phpunit": "^2.3",
                "phpstan/extension-installer": "^1.4",
                "phpstan/phpstan": "^2.1",
                "phpstan/phpstan-mockery": "^2.0",
                "phpstan/phpstan-phpunit": "^2.0",
                "phpunit/phpunit": "^10.5",
                "ramsey/coding-standard": "^2.3",
                "ramsey/conventional-commits": "^1.6",
                "roave/security-advisories": "dev-latest"
            },
            "type": "library",
            "extra": {
                "captainhook": {
                    "force-install": true
                },
                "ramsey/conventional-commits": {
                    "configFile": "conventional-commits.json"
                }
            },
            "autoload": {
                "psr-4": {
                    "Ramsey\\Collection\\": "src/"
                }
            },
            "notification-url": "https://packagist.org/downloads/",
            "license": [
                "MIT"
            ],
            "authors": [
                {
                    "name": "Ben Ramsey",
                    "email": "ben@benramsey.com",
                    "homepage": "https://benramsey.com"
                }
            ],
            "description": "A PHP library for representing and manipulating collections.",
            "keywords": [
                "array",
                "collection",
                "hash",
                "map",
                "queue",
                "set"
            ],
            "support": {
                "issues": "https://github.com/ramsey/collection/issues",
                "source": "https://github.com/ramsey/collection/tree/2.1.1"
            },
            "time": "2025-03-22T05:38:12+00:00"
        },
        {
            "name": "ramsey/uuid",
            "version": "4.9.3",
            "source": {
                "type": "git",
                "url": "https://github.com/ramsey/uuid.git",
                "reference": "1df15849d00943a67d677dc9cfd80795f038c9f8"
            },
            "dist": {
                "type": "zip",
                "url": "https://api.github.com/repos/ramsey/uuid/zipball/1df15849d00943a67d677dc9cfd80795f038c9f8",
                "reference": "1df15849d00943a67d677dc9cfd80795f038c9f8",
                "shasum": ""
            },
            "require": {
                "brick/math": ">=0.8.16 <=0.18",
                "php": "^8.0",
                "ramsey/collection": "^1.2 || ^2.0"
            },
            "replace": {
                "rhumsaa/uuid": "self.version"
            },
            "require-dev": {
                "captainhook/captainhook": "^5.25",
                "captainhook/plugin-composer": "^5.3",
                "dealerdirect/phpcodesniffer-composer-installer": "^1.0",
                "ergebnis/composer-normalize": "^2.47",
                "mockery/mockery": "^1.6",
                "paragonie/random-lib": "^2",
                "php-mock/php-mock": "^2.6",
                "php-mock/php-mock-mockery": "^1.5",
                "php-parallel-lint/php-parallel-lint": "^1.4.0",
                "phpbench/phpbench": "^1.2.14",
                "phpstan/extension-installer": "^1.4",
                "phpstan/phpstan": "^2.1",
                "phpstan/phpstan-mockery": "^2.0",
                "phpstan/phpstan-phpunit": "^2.0",
                "phpunit/phpunit": "^9.6",
                "slevomat/coding-standard": "^8.18",
                "squizlabs/php_codesniffer": "^3.13"
            },
            "suggest": {
                "ext-bcmath": "Enables faster math with arbitrary-precision integers using BCMath.",
                "ext-gmp": "Enables faster math with arbitrary-precision integers using GMP.",
                "ext-uuid": "Enables the use of PeclUuidTimeGenerator and PeclUuidRandomGenerator.",
                "paragonie/random-lib": "Provides RandomLib for use with the RandomLibAdapter",
                "ramsey/uuid-doctrine": "Allows the use of Ramsey\\Uuid\\Uuid as Doctrine field type."
            },
            "type": "library",
            "extra": {
                "captainhook": {
                    "force-install": true
                }
            },
            "autoload": {
                "files": [
                    "src/functions.php"
                ],
                "psr-4": {
                    "Ramsey\\Uuid\\": "src/"
                }
            },
            "notification-url": "https://packagist.org/downloads/",
            "license": [
                "MIT"
            ],
            "description": "A PHP library for generating and working with universally unique identifiers (UUIDs).",
            "keywords": [
                "guid",
                "identifier",
                "uuid"
            ],
            "support": {
                "issues": "https://github.com/ramsey/uuid/issues",
                "source": "https://github.com/ramsey/uuid/tree/4.9.3"
            },
            "time": "2026-06-18T03:57:49+00:00"
        },
        {
            "name": "react/event-loop",
            "version": "v1.6.0",
            "source": {
                "type": "git",
                "url": "https://github.com/reactphp/event-loop.git",
                "reference": "ba276bda6083df7e0050fd9b33f66ad7a4ac747a"
            },
            "dist": {
                "type": "zip",
                "url": "https://api.github.com/repos/reactphp/event-loop/zipball/ba276bda6083df7e0050fd9b33f66ad7a4ac747a",
                "reference": "ba276bda6083df7e0050fd9b33f66ad7a4ac747a",
                "shasum": ""
            },
            "require": {
                "php": ">=5.3.0"
            },
            "require-dev": {
                "phpunit/phpunit": "^9.6 || ^5.7 || ^4.8.36"
            },
            "suggest": {
                "ext-pcntl": "For signal handling support when using the StreamSelectLoop"
            },
            "type": "library",
            "autoload": {
                "psr-4": {
                    "React\\EventLoop\\": "src/"
                }
            },
            "notification-url": "https://packagist.org/downloads/",
            "license": [
                "MIT"
            ],
            "authors": [
                {
                    "name": "Christian Lück",
                    "email": "christian@clue.engineering",
                    "homepage": "https://clue.engineering/"
                },
                {
                    "name": "Cees-Jan Kiewiet",
                    "email": "reactphp@ceesjankiewiet.nl",
                    "homepage": "https://wyrihaximus.net/"
                },
                {
                    "name": "Jan Sorgalla",
                    "email": "jsorgalla@gmail.com",
                    "homepage": "https://sorgalla.com/"
                },
                {
                    "name": "Chris Boden",
                    "email": "cboden@gmail.com",
                    "homepage": "https://cboden.dev/"
                }
            ],
            "description": "ReactPHP's core reactor event loop that libraries can use for evented I/O.",
            "keywords": [
                "asynchronous",
                "event-loop"
            ],
            "support": {
                "issues": "https://github.com/reactphp/event-loop/issues",
                "source": "https://github.com/reactphp/event-loop/tree/v1.6.0"
            },
            "funding": [
                {
                    "url": "https://opencollective.com/reactphp",
                    "type": "open_collective"
                }
            ],
            "time": "2025-11-17T20:46:25+00:00"
        }
    ],
    "packages-dev": [],
    "aliases": [],
    "minimum-stability": "dev",
    "stability-flags": {
        "altayofficial/bedrock-protocol": 20,
        "altayofficial/network": 20
    },
    "prefer-stable": true,
    "prefer-lowest": false,
    "platform": {
        "php": "^8.1",
        "ext-crypto": "^0.3.1",
        "ext-encoding": "~1.0.0",
        "ext-gmp": "*",
        "ext-json": "*",
        "ext-openssl": "*",
        "ext-sockets": "*",
        "ext-yaml": ">=2.0.0",
        "ext-zlib": ">=1.2.11"
    },
    "platform-dev": {},
    "platform-overrides": {
        "php": "8.1.0"
    },
    "plugin-api-version": "2.9.0"
}
